
Microsoft Visual Studio Solution File, Format Version 12.00
# Visual Studio Version 17
VisualStudioVersion = 17.0.31903.59
MinimumVisualStudioVersion = 10.0.40219.1
Project("{2150E333-8FDC-42A3-9474-1A3956D46DE8}") = "src", "src", "{451DD1AD-4CB2-491E-81D9-25554FD99430}"
EndProject
Project("{FAE04EC0-301F-11D3-BF4B-00C04F79EFBC}") = "Calango.API", "src\Calango.API\Calango.API.csproj", "{DF0C5439-605C-4FD6-AD5F-6A4301B6F014}"
EndProject
Project("{FAE04EC0-301F-11D3-BF4B-00C04F79EFBC}") = "Calango.Infrastructure", "src\Calango.Infrastructure\Calango.Infrastructure.csproj", "{5F653098-18DB-46A3-96E1-D8B79B07F098}"
EndProject
Project("{FAE04EC0-301F-11D3-BF4B-00C04F79EFBC}") = "Calango.Domain", "src\Calango.Domain\Calango.Domain.csproj", "{88579F0F-3BDC-48FC-B7FE-B86A378C33AA}"
EndProject
Project("{FAE04EC0-301F-11D3-BF4B-00C04F79EFBC}") = "Calango.Application", "src\Calango.Application\Calango.Application.csproj", "{2219109E-394F-4D2E-94CB-320EB9D86B00}"
EndProject
Global
	GlobalSection(SolutionConfigurationPlatforms) = preSolution
		Debug|Any CPU = Debug|Any CPU
		Release|Any CPU = Release|Any CPU
	EndGlobalSection
	GlobalSection(ProjectConfigurationPlatforms) = postSolution
		{DF0C5439-605C-4FD6-AD5F-6A4301B6F014}.Debug|Any CPU.ActiveCfg = Debug|Any CPU
		{DF0C5439-605C-4FD6-AD5F-6A4301B6F014}.Debug|Any CPU.Build.0 = Debug|Any CPU
		{DF0C5439-605C-4FD6-AD5F-6A4301B6F014}.Release|Any CPU.ActiveCfg = Release|Any CPU
		{DF0C5439-605C-4FD6-AD5F-6A4301B6F014}.Release|Any CPU.Build.0 = Release|Any CPU
		{5F653098-18DB-46A3-96E1-D8B79B07F098}.Debug|Any CPU.ActiveCfg = Debug|Any CPU
		{5F653098-18DB-46A3-96E1-D8B79B07F098}.Debug|Any CPU.Build.0 = Debug|Any CPU
		{5F653098-18DB-46A3-96E1-D8B79B07F098}.Release|Any CPU.ActiveCfg = Release|Any CPU
		{5F653098-18DB-46A3-96E1-D8B79B07F098}.Release|Any CPU.Build.0 = Release|Any CPU
		{88579F0F-3BDC-48FC-B7FE-B86A378C33AA}.Debug|Any CPU.ActiveCfg = Debug|Any CPU
		{88579F0F-3BDC-48FC-B7FE-B86A378C33AA}.Debug|Any CPU.Build.0 = Debug|Any CPU
		{88579F0F-3BDC-48FC-B7FE-B86A378C33AA}.Release|Any CPU.ActiveCfg = Release|Any CPU
		{88579F0F-3BDC-48FC-B7FE-B86A378C33AA}.Release|Any CPU.Build.0 = Release|Any CPU
		{2219109E-394F-4D2E-94CB-320EB9D86B00}.Debug|Any CPU.ActiveCfg = Debug|Any CPU
		{2219109E-394F-4D2E-94CB-320EB9D86B00}.Debug|Any CPU.Build.0 = Debug|Any CPU
		{2219109E-394F-4D2E-94CB-320EB9D86B00}.Release|Any CPU.ActiveCfg = Release|Any CPU
		{2219109E-394F-4D2E-94CB-320EB9D86B00}.Release|Any CPU.Build.0 = Release|Any CPU
	EndGlobalSection
	GlobalSection(SolutionProperties) = preSolution
		HideSolutionNode = FALSE
	EndGlobalSection
	GlobalSection(NestedProjects) = preSolution
		{DF0C5439-605C-4FD6-AD5F-6A4301B6F014} = {451DD1AD-4CB2-491E-81D9-25554FD99430}
		{5F653098-18DB-46A3-96E1-D8B79B07F098} = {451DD1AD-4CB2-491E-81D9-25554FD99430}
		{88579F0F-3BDC-48FC-B7FE-B86A378C33AA} = {451DD1AD-4CB2-491E-81D9-25554FD99430}
		{2219109E-394F-4D2E-94CB-320EB9D86B00} = {451DD1AD-4CB2-491E-81D9-25554FD99430}
	EndGlobalSection
EndGlobal
